PODS:
  - CommonUI (0.3.7):
    - Models
    - Networking
    - Resources
  - Discover (0.2.4):
    - CommonUI
    - Models
    - Networking
    - RecipeDetails
    - Resources
  - Models (2.0.0)
  - Networking (2.0.2):
    - Models
  - Persistence (1.3.0)
  - Personal (0.1.0):
    - CommonUI
    - Persistence
    - Resources
  - RecipeDetails (0.1.0):
    - CommonUI
    - Models
    - Persistence
    - Resources
  - Resources (0.2.0)
  - Search (0.1.0):
    - Models
    - Networking
    - Resources

DEPENDENCIES:
  - CommonUI (from `Modules/CommonUI`)
  - Discover (from `Modules/Discover`)
  - Models (from `Modules/Models`)
  - Networking (from `Modules/Networking`)
  - Persistence (from `Modules/Persistence`)
  - Personal (from `Modules/Personal`)
  - RecipeDetails (from `Modules/RecipeDetails`)
  - Resources (from `Modules/Resources`)
  - Search (from `Modules/Search`)

EXTERNAL SOURCES:
  CommonUI:
    :path: Modules/CommonUI
  Discover:
    :path: Modules/Discover
  Models:
    :path: Modules/Models
  Networking:
    :path: Modules/Networking
  Persistence:
    :path: Modules/Persistence
  Personal:
    :path: Modules/Personal
  RecipeDetails:
    :path: Modules/RecipeDetails
  Resources:
    :path: Modules/Resources
  Search:
    :path: Modules/Search

SPEC CHECKSUMS:
  CommonUI: a4011b1572c784492579854bc691038cc49d3a63
  Discover: 4fa5408a3e13d30d4bde06e58cbd076c0bca85e5
  Models: 16edf0010b4997603aaf7d2673c3c82604e4b27e
  Networking: aeabff054be48fa69cfb93616a747d822f251024
  Persistence: 247e4c2ebab89c9b4b382a39520df1e861161c22
  Personal: 809069303b126736c77bd0e8b9d96d0d65ffc646
  RecipeDetails: 42119df7b3bd97b5021c14cccc8e2a95a37ee530
  Resources: 9ed68cf3fc65d9aa84cba332dc940bcb313b3269
  Search: 8c91365acb8cd7790a18f3ea6334633a71e7485f

PODFILE CHECKSUM: 4812ec7a6b52890294de6ab0392aae759cd8b8fc

COCOAPODS: 1.11.3
