PODS:
  - CommonUI (0.3.7):
    - Models
    - Networking
    - Resources
  - Discover (0.2.5):
    - CommonUI
    - Models
    - Networking
    - RecipeDetails
    - Resources
  - Models (2.0.0)
  - Networking (2.0.3):
    - Models
  - Persistence (1.5.1):
    - Models
  - Personal (0.1.0):
    - CommonUI
    - Persistence
    - Resources
  - RecipeDetails (1.2.1):
    - CommonUI
    - Models
    - Persistence
    - Resources
  - Resources (0.2.1)
  - Search (0.2.0):
    - CommonUI
    - Models
    - Networking
    - RecipeDetails
    - Resources

DEPENDENCIES:
  - CommonUI (from `Modules/CommonUI`)
  - Discover (from `Modules/Discover`)
  - Models (from `Modules/Models`)
  - Networking (from `Modules/Networking`)
  - Persistence (from `Modules/Persistence`)
  - Personal (from `Modules/Personal`)
  - RecipeDetails (from `Modules/RecipeDetails`)
  - Resources (from `Modules/Resources`)
  - Search (from `Modules/Search`)

EXTERNAL SOURCES:
  CommonUI:
    :path: Modules/CommonUI
  Discover:
    :path: Modules/Discover
  Models:
    :path: Modules/Models
  Networking:
    :path: Modules/Networking
  Persistence:
    :path: Modules/Persistence
  Personal:
    :path: Modules/Personal
  RecipeDetails:
    :path: Modules/RecipeDetails
  Resources:
    :path: Modules/Resources
  Search:
    :path: Modules/Search

SPEC CHECKSUMS:
  CommonUI: a4011b1572c784492579854bc691038cc49d3a63
  Discover: 910317b0db6d47050ed5123a65370ee34d6afc0d
  Models: 16edf0010b4997603aaf7d2673c3c82604e4b27e
  Networking: 428ed1cd2a69d252060a3f69f6915e8f0b05ec3b
  Persistence: 488af0c0be6bcc3ee045aeb8976a7454d743b3a4
  Personal: 809069303b126736c77bd0e8b9d96d0d65ffc646
  RecipeDetails: 4c19efaf4a1ff5f867bfd8c913597874ec5f5322
  Resources: f62a046c1d22d1af933de6cd72429d1aa8f09c63
  Search: 032c1760e81d21173c655f1a1257b2fc36bf23f3

PODFILE CHECKSUM: e645ebda8a376f26592648c6d534de3653100fdf

COCOAPODS: 1.11.3
