// !$*UTF8*$!
{
	archiveVersion = 1;
	classes = {
	};
	objectVersion = 55;
	objects = {

/* Begin PBXBuildFile section */
		5B7E71948F2AF2BDB6D1FC8E /* libPods-CookbookTests.a in Frameworks */ = {isa = PBXBuildFile; fileRef = 008C66459B2ECEEE9090BEDD /* libPods-CookbookTests.a */; };
		9A96F61C2166808D73137ACE /* libPods-CookbookUITests.a in Frameworks */ = {isa = PBXBuildFile; fileRef = EB7926029A4D4CD203364341 /* libPods-CookbookUITests.a */; };
		DE035CABFC65ACC8873FAE05 /* Pods_Cookbook.framework in Frameworks */ = {isa = PBXBuildFile; fileRef = 2E1FF819D8021A3AB3F58B80 /* Pods_Cookbook.framework */; };
		F04DE34B290ADEAC00DD4C39 /* AppCoordinator.swift in Sources */ = {isa = PBXBuildFile; fileRef = F04DE34A290ADEAC00DD4C39 /* AppCoordinator.swift */; };
		F053A88B28FB479800429628 /* AppDelegate.swift in Sources */ = {isa = PBXBuildFile; fileRef = F053A88A28FB479800429628 /* AppDelegate.swift */; };
		F053A89428FB479A00429628 /* Assets.xcassets in Resources */ = {isa = PBXBuildFile; fileRef = F053A89328FB479A00429628 /* Assets.xcassets */; };
		F053A89728FB479A00429628 /* LaunchScreen.storyboard in Resources */ = {isa = PBXBuildFile; fileRef = F053A89528FB479A00429628 /* LaunchScreen.storyboard */; };
		F06E0ACE2911BA2500449168 /* AppCoordinatorTests.swift in Sources */ = {isa = PBXBuildFile; fileRef = F06E0ACD2911BA2500449168 /* AppCoordinatorTests.swift */; };
		F07F269C290BD9240060FBCE /* ServiceLocator.swift in Sources */ = {isa = PBXBuildFile; fileRef = F07F269B290BD9240060FBCE /* ServiceLocator.swift */; };
		F09725C62912EBFD000019D9 /* CookbookUITests.swift in Sources */ = {isa = PBXBuildFile; fileRef = F09725C52912EBFD000019D9 /* CookbookUITests.swift */; };
		F09725C82912EBFD000019D9 /* CookbookUITestsLaunchTests.swift in Sources */ = {isa = PBXBuildFile; fileRef = F09725C72912EBFD000019D9 /* CookbookUITestsLaunchTests.swift */; };
		F0BDA0D42926A96F008923C3 /* InfoPlist.strings in Resources */ = {isa = PBXBuildFile; fileRef = F0BDA0D62926A96F008923C3 /* InfoPlist.strings */; };
		F0BF8C17290EC1A500D271CD /* ServiceLocatorTests.swift in Sources */ = {isa = PBXBuildFile; fileRef = F0BF8C16290EC1A500D271CD /* ServiceLocatorTests.swift */; };
/* End PBXBuildFile section */

/* Begin PBXContainerItemProxy section */
		F09725C92912EBFD000019D9 /* PBXContainerItemProxy */ = {
			isa = PBXContainerItemProxy;
			containerPortal = F053A87F28FB479700429628 /* Project object */;
			proxyType = 1;
			remoteGlobalIDString = F053A88628FB479800429628;
			remoteInfo = Cookbook;
		};
		F0BF8C05290EC17000D271CD /* PBXContainerItemProxy */ = {
			isa = PBXContainerItemProxy;
			containerPortal = F053A87F28FB479700429628 /* Project object */;
			proxyType = 1;
			remoteGlobalIDString = F053A88628FB479800429628;
			remoteInfo = Cookbook;
		};
/* End PBXContainerItemProxy section */

/* Begin PBXCopyFilesBuildPhase section */
		F096E5BA2909C55C000BE53A /* Embed Frameworks */ = {
			isa = PBXCopyFilesBuildPhase;
			buildActionMask = 2147483647;
			dstPath = "";
			dstSubfolderSpec = 10;
			files = (
			);
			name = "Embed Frameworks";
			runOnlyForDeploymentPostprocessing = 0;
		};
/* End PBXCopyFilesBuildPhase section */

/* Begin PBXFileReference section */
		008C66459B2ECEEE9090BEDD /* libPods-CookbookTests.a */ = {isa = PBXFileReference; explicitFileType = archive.ar; includeInIndex = 0; path = "libPods-CookbookTests.a"; sourceTree = BUILT_PRODUCTS_DIR; };
		0F3553C6D0D901C2E89374C6 /* Pods-CookbookUITests.debug.xcconfig */ = {isa = PBXFileReference; includeInIndex = 1; lastKnownFileType = text.xcconfig; name = "Pods-CookbookUITests.debug.xcconfig"; path = "Target Support Files/Pods-CookbookUITests/Pods-CookbookUITests.debug.xcconfig"; sourceTree = "<group>"; };
		2E1FF819D8021A3AB3F58B80 /* Pods_Cookbook.framework */ = {isa = PBXFileReference; explicitFileType = wrapper.framework; includeInIndex = 0; path = Pods_Cookbook.framework; sourceTree = BUILT_PRODUCTS_DIR; };
		2FB3CF2DB8878879FA4100E8 /* Pods-CookbookUITests.release.xcconfig */ = {isa = PBXFileReference; includeInIndex = 1; lastKnownFileType = text.xcconfig; name = "Pods-CookbookUITests.release.xcconfig"; path = "Target Support Files/Pods-CookbookUITests/Pods-CookbookUITests.release.xcconfig"; sourceTree = "<group>"; };
		440C95749C9BEFC38E7F11B2 /* Pods-Cookbook.release.xcconfig */ = {isa = PBXFileReference; includeInIndex = 1; lastKnownFileType = text.xcconfig; name = "Pods-Cookbook.release.xcconfig"; path = "Target Support Files/Pods-Cookbook/Pods-Cookbook.release.xcconfig"; sourceTree = "<group>"; };
		5BC5489AEE68C9A471E9AC6A /* Pods-CookbookTests.release.xcconfig */ = {isa = PBXFileReference; includeInIndex = 1; lastKnownFileType = text.xcconfig; name = "Pods-CookbookTests.release.xcconfig"; path = "Target Support Files/Pods-CookbookTests/Pods-CookbookTests.release.xcconfig"; sourceTree = "<group>"; };
		9F1D6F48C983B0E5AD02402C /* Pods-CookbookTests.debug.xcconfig */ = {isa = PBXFileReference; includeInIndex = 1; lastKnownFileType = text.xcconfig; name = "Pods-CookbookTests.debug.xcconfig"; path = "Target Support Files/Pods-CookbookTests/Pods-CookbookTests.debug.xcconfig"; sourceTree = "<group>"; };
		B13A5F77C8251DEFC7758BBF /* Pods-Cookbook.debug.xcconfig */ = {isa = PBXFileReference; includeInIndex = 1; lastKnownFileType = text.xcconfig; name = "Pods-Cookbook.debug.xcconfig"; path = "Target Support Files/Pods-Cookbook/Pods-Cookbook.debug.xcconfig"; sourceTree = "<group>"; };
		EB7926029A4D4CD203364341 /* libPods-CookbookUITests.a */ = {isa = PBXFileReference; explicitFileType = archive.ar; includeInIndex = 0; path = "libPods-CookbookUITests.a"; sourceTree = BUILT_PRODUCTS_DIR; };
		F049CE342909119D0078E9E1 /* README.md */ = {isa = PBXFileReference; fileEncoding = 4; lastKnownFileType = net.daringfireball.markdown; path = README.md; sourceTree = "<group>"; };
		F04DE34A290ADEAC00DD4C39 /* AppCoordinator.swift */ = {isa = PBXFileReference; lastKnownFileType = sourcecode.swift; path = AppCoordinator.swift; sourceTree = "<group>"; };
		F04DE4AF290AF22900DD4C39 /* ru */ = {isa = PBXFileReference; lastKnownFileType = text.plist.strings; name = ru; path = ru.lproj/LaunchScreen.strings; sourceTree = "<group>"; };
		F053A88728FB479800429628 /* Cookbook.app */ = {isa = PBXFileReference; explicitFileType = wrapper.application; includeInIndex = 0; path = Cookbook.app; sourceTree = BUILT_PRODUCTS_DIR; };
		F053A88A28FB479800429628 /* AppDelegate.swift */ = {isa = PBXFileReference; lastKnownFileType = sourcecode.swift; path = AppDelegate.swift; sourceTree = "<group>"; };
		F053A89328FB479A00429628 /* Assets.xcassets */ = {isa = PBXFileReference; lastKnownFileType = folder.assetcatalog; path = Assets.xcassets; sourceTree = "<group>"; };
		F053A89628FB479A00429628 /* Base */ = {isa = PBXFileReference; lastKnownFileType = file.storyboard; name = Base; path = Base.lproj/LaunchScreen.storyboard; sourceTree = "<group>"; };
		F053A89828FB479A00429628 /* Info.plist */ = {isa = PBXFileReference; lastKnownFileType = text.plist.xml; path = Info.plist; sourceTree = "<group>"; };
		F06E0ACD2911BA2500449168 /* AppCoordinatorTests.swift */ = {isa = PBXFileReference; lastKnownFileType = sourcecode.swift; path = AppCoordinatorTests.swift; sourceTree = "<group>"; };
		F07F269B290BD9240060FBCE /* ServiceLocator.swift */ = {isa = PBXFileReference; lastKnownFileType = sourcecode.swift; path = ServiceLocator.swift; sourceTree = "<group>"; };
		F09725C32912EBFD000019D9 /* CookbookUITests.xctest */ = {isa = PBXFileReference; explicitFileType = wrapper.cfbundle; includeInIndex = 0; path = CookbookUITests.xctest; sourceTree = BUILT_PRODUCTS_DIR; };
		F09725C52912EBFD000019D9 /* CookbookUITests.swift */ = {isa = PBXFileReference; lastKnownFileType = sourcecode.swift; path = CookbookUITests.swift; sourceTree = "<group>"; };
		F09725C72912EBFD000019D9 /* CookbookUITestsLaunchTests.swift */ = {isa = PBXFileReference; lastKnownFileType = sourcecode.swift; path = CookbookUITestsLaunchTests.swift; sourceTree = "<group>"; };
		F0BDA0D52926A96F008923C3 /* en */ = {isa = PBXFileReference; lastKnownFileType = text.plist.strings; name = en; path = en.lproj/InfoPlist.strings; sourceTree = "<group>"; };
		F0BDA0D72926A971008923C3 /* ru */ = {isa = PBXFileReference; lastKnownFileType = text.plist.strings; name = ru; path = ru.lproj/InfoPlist.strings; sourceTree = "<group>"; };
		F0BF8C01290EC17000D271CD /* CookbookTests.xctest */ = {isa = PBXFileReference; explicitFileType = wrapper.cfbundle; includeInIndex = 0; path = CookbookTests.xctest; sourceTree = BUILT_PRODUCTS_DIR; };
		F0BF8C16290EC1A500D271CD /* ServiceLocatorTests.swift */ = {isa = PBXFileReference; lastKnownFileType = sourcecode.swift; path = ServiceLocatorTests.swift; sourceTree = "<group>"; };
/* End PBXFileReference section */

/* Begin PBXFrameworksBuildPhase section */
		F053A88428FB479800429628 /* Frameworks */ = {
			isa = PBXFrameworksBuildPhase;
			buildActionMask = 2147483647;
			files = (
				DE035CABFC65ACC8873FAE05 /* Pods_Cookbook.framework in Frameworks */,
			);
			runOnlyForDeploymentPostprocessing = 0;
		};
		F09725C02912EBFD000019D9 /* Frameworks */ = {
			isa = PBXFrameworksBuildPhase;
			buildActionMask = 2147483647;
			files = (
				9A96F61C2166808D73137ACE /* libPods-CookbookUITests.a in Frameworks */,
			);
			runOnlyForDeploymentPostprocessing = 0;
		};
		F0BF8BFE290EC17000D271CD /* Frameworks */ = {
			isa = PBXFrameworksBuildPhase;
			buildActionMask = 2147483647;
			files = (
				5B7E71948F2AF2BDB6D1FC8E /* libPods-CookbookTests.a in Frameworks */,
			);
			runOnlyForDeploymentPostprocessing = 0;
		};
/* End PBXFrameworksBuildPhase section */

/* Begin PBXGroup section */
		A4DC5670E139B9C9DD0B6B35 /* Pods */ = {
			isa = PBXGroup;
			children = (
				B13A5F77C8251DEFC7758BBF /* Pods-Cookbook.debug.xcconfig */,
				440C95749C9BEFC38E7F11B2 /* Pods-Cookbook.release.xcconfig */,
				9F1D6F48C983B0E5AD02402C /* Pods-CookbookTests.debug.xcconfig */,
				5BC5489AEE68C9A471E9AC6A /* Pods-CookbookTests.release.xcconfig */,
				0F3553C6D0D901C2E89374C6 /* Pods-CookbookUITests.debug.xcconfig */,
				2FB3CF2DB8878879FA4100E8 /* Pods-CookbookUITests.release.xcconfig */,
			);
			path = Pods;
			sourceTree = "<group>";
		};
		F02455B829083DC20075B2E3 /* Application */ = {
			isa = PBXGroup;
			children = (
				F053A88A28FB479800429628 /* AppDelegate.swift */,
				F04DE34A290ADEAC00DD4C39 /* AppCoordinator.swift */,
				F07F269B290BD9240060FBCE /* ServiceLocator.swift */,
				F053A89828FB479A00429628 /* Info.plist */,
			);
			path = Application;
			sourceTree = "<group>";
		};
		F02455B929083DCD0075B2E3 /* Resources */ = {
			isa = PBXGroup;
			children = (
				F053A89328FB479A00429628 /* Assets.xcassets */,
				F053A89528FB479A00429628 /* LaunchScreen.storyboard */,
				F0BDA0D62926A96F008923C3 /* InfoPlist.strings */,
			);
			path = Resources;
			sourceTree = "<group>";
		};
		F053A87E28FB479700429628 = {
			isa = PBXGroup;
			children = (
				F049CE342909119D0078E9E1 /* README.md */,
				F053A88928FB479800429628 /* Cookbook */,
				F0BF8C02290EC17000D271CD /* CookbookTests */,
				F09725C42912EBFD000019D9 /* CookbookUITests */,
				F053A88828FB479800429628 /* Products */,
				F096E5B72909C55C000BE53A /* Frameworks */,
				A4DC5670E139B9C9DD0B6B35 /* Pods */,
			);
			sourceTree = "<group>";
		};
		F053A88828FB479800429628 /* Products */ = {
			isa = PBXGroup;
			children = (
				F053A88728FB479800429628 /* Cookbook.app */,
				F0BF8C01290EC17000D271CD /* CookbookTests.xctest */,
				F09725C32912EBFD000019D9 /* CookbookUITests.xctest */,
			);
			name = Products;
			sourceTree = "<group>";
		};
		F053A88928FB479800429628 /* Cookbook */ = {
			isa = PBXGroup;
			children = (
				F02455B829083DC20075B2E3 /* Application */,
				F02455B929083DCD0075B2E3 /* Resources */,
			);
			path = Cookbook;
			sourceTree = "<group>";
		};
		F096E5B72909C55C000BE53A /* Frameworks */ = {
			isa = PBXGroup;
			children = (
				2E1FF819D8021A3AB3F58B80 /* Pods_Cookbook.framework */,
				008C66459B2ECEEE9090BEDD /* libPods-CookbookTests.a */,
				EB7926029A4D4CD203364341 /* libPods-CookbookUITests.a */,
			);
			name = Frameworks;
			sourceTree = "<group>";
		};
		F09725C42912EBFD000019D9 /* CookbookUITests */ = {
			isa = PBXGroup;
			children = (
				F09725C52912EBFD000019D9 /* CookbookUITests.swift */,
				F09725C72912EBFD000019D9 /* CookbookUITestsLaunchTests.swift */,
			);
			path = CookbookUITests;
			sourceTree = "<group>";
		};
		F0BF8C02290EC17000D271CD /* CookbookTests */ = {
			isa = PBXGroup;
			children = (
				F06E0ACD2911BA2500449168 /* AppCoordinatorTests.swift */,
				F0BF8C16290EC1A500D271CD /* ServiceLocatorTests.swift */,
			);
			path = CookbookTests;
			sourceTree = "<group>";
		};
/* End PBXGroup section */

/* Begin PBXNativeTarget section */
		F053A88628FB479800429628 /* Cookbook */ = {
			isa = PBXNativeTarget;
			buildConfigurationList = F053A89B28FB479A00429628 /* Build configuration list for PBXNativeTarget "Cookbook" */;
			buildPhases = (
				E9C1D2B995C0E09D5C499792 /* [CP] Check Pods Manifest.lock */,
				F053A88328FB479800429628 /* Sources */,
				F053A88428FB479800429628 /* Frameworks */,
				F053A88528FB479800429628 /* Resources */,
				F096E5BA2909C55C000BE53A /* Embed Frameworks */,
				77DD500B6C913205795CDB2C /* [CP] Embed Pods Frameworks */,
			);
			buildRules = (
			);
			dependencies = (
			);
			name = Cookbook;
			productName = Cookbook;
			productReference = F053A88728FB479800429628 /* Cookbook.app */;
			productType = "com.apple.product-type.application";
		};
		F09725C22912EBFD000019D9 /* CookbookUITests */ = {
			isa = PBXNativeTarget;
			buildConfigurationList = F09725CD2912EBFD000019D9 /* Build configuration list for PBXNativeTarget "CookbookUITests" */;
			buildPhases = (
				B134C515F1A55C94E7BF22D2 /* [CP] Check Pods Manifest.lock */,
				F09725BF2912EBFD000019D9 /* Sources */,
				F09725C02912EBFD000019D9 /* Frameworks */,
				F09725C12912EBFD000019D9 /* Resources */,
			);
			buildRules = (
			);
			dependencies = (
				F09725CA2912EBFD000019D9 /* PBXTargetDependency */,
			);
			name = CookbookUITests;
			productName = CookbookUITests;
			productReference = F09725C32912EBFD000019D9 /* CookbookUITests.xctest */;
			productType = "com.apple.product-type.bundle.ui-testing";
		};
		F0BF8C00290EC17000D271CD /* CookbookTests */ = {
			isa = PBXNativeTarget;
			buildConfigurationList = F0BF8C14290EC17000D271CD /* Build configuration list for PBXNativeTarget "CookbookTests" */;
			buildPhases = (
				09C2254B060FA2280D6BF7EE /* [CP] Check Pods Manifest.lock */,
				F0BF8BFD290EC17000D271CD /* Sources */,
				F0BF8BFE290EC17000D271CD /* Frameworks */,
				F0BF8BFF290EC17000D271CD /* Resources */,
			);
			buildRules = (
			);
			dependencies = (
				F0BF8C06290EC17000D271CD /* PBXTargetDependency */,
			);
			name = CookbookTests;
			productName = CookbookTests;
			productReference = F0BF8C01290EC17000D271CD /* CookbookTests.xctest */;
			productType = "com.apple.product-type.bundle.unit-test";
		};
/* End PBXNativeTarget section */

/* Begin PBXProject section */
		F053A87F28FB479700429628 /* Project object */ = {
			isa = PBXProject;
			attributes = {
				BuildIndependentTargetsInParallel = 1;
				LastSwiftUpdateCheck = 1340;
				LastUpgradeCheck = 1340;
				TargetAttributes = {
					F053A88628FB479800429628 = {
						CreatedOnToolsVersion = 13.4.1;
					};
					F09725C22912EBFD000019D9 = {
						CreatedOnToolsVersion = 13.4.1;
						TestTargetID = F053A88628FB479800429628;
					};
					F0BF8C00290EC17000D271CD = {
						CreatedOnToolsVersion = 13.4.1;
						TestTargetID = F053A88628FB479800429628;
					};
				};
			};
			buildConfigurationList = F053A88228FB479700429628 /* Build configuration list for PBXProject "Cookbook" */;
			compatibilityVersion = "Xcode 13.0";
			developmentRegion = en;
			hasScannedForEncodings = 0;
			knownRegions = (
				en,
				Base,
				ru,
			);
			mainGroup = F053A87E28FB479700429628;
			productRefGroup = F053A88828FB479800429628 /* Products */;
			projectDirPath = "";
			projectRoot = "";
			targets = (
				F053A88628FB479800429628 /* Cookbook */,
				F0BF8C00290EC17000D271CD /* CookbookTests */,
				F09725C22912EBFD000019D9 /* CookbookUITests */,
			);
		};
/* End PBXProject section */

/* Begin PBXResourcesBuildPhase section */
		F053A88528FB479800429628 /* Resources */ = {
			isa = PBXResourcesBuildPhase;
			buildActionMask = 2147483647;
			files = (
				F053A89728FB479A00429628 /* LaunchScreen.storyboard in Resources */,
				F0BDA0D42926A96F008923C3 /* InfoPlist.strings in Resources */,
				F053A89428FB479A00429628 /* Assets.xcassets in Resources */,
			);
			runOnlyForDeploymentPostprocessing = 0;
		};
		F09725C12912EBFD000019D9 /* Resources */ = {
			isa = PBXResourcesBuildPhase;
			buildActionMask = 2147483647;
			files = (
			);
			runOnlyForDeploymentPostprocessing = 0;
		};
		F0BF8BFF290EC17000D271CD /* Resources */ = {
			isa = PBXResourcesBuildPhase;
			buildActionMask = 2147483647;
			files = (
			);
			runOnlyForDeploymentPostprocessing = 0;
		};
/* End PBXResourcesBuildPhase section */

/* Begin PBXShellScriptBuildPhase section */
		09C2254B060FA2280D6BF7EE /* [CP] Check Pods Manifest.lock */ = {
			isa = PBXShellScriptBuildPhase;
			buildActionMask = 2147483647;
			files = (
			);
			inputFileListPaths = (
			);
			inputPaths = (
				"${PODS_PODFILE_DIR_PATH}/Podfile.lock",
				"${PODS_ROOT}/Manifest.lock",
			);
			name = "[CP] Check Pods Manifest.lock";
			outputFileListPaths = (
			);
			outputPaths = (
				"$(DERIVED_FILE_DIR)/Pods-CookbookTests-checkManifestLockResult.txt",
			);
			runOnlyForDeploymentPostprocessing = 0;
			shellPath = /bin/sh;
			shellScript = "diff \"${PODS_PODFILE_DIR_PATH}/Podfile.lock\" \"${PODS_ROOT}/Manifest.lock\" > /dev/null\nif [ $? != 0 ] ; then\n    # print error to STDERR\n    echo \"error: The sandbox is not in sync with the Podfile.lock. Run 'pod install' or update your CocoaPods installation.\" >&2\n    exit 1\nfi\n# This output is used by Xcode 'outputs' to avoid re-running this script phase.\necho \"SUCCESS\" > \"${SCRIPT_OUTPUT_FILE_0}\"\n";
			showEnvVarsInLog = 0;
		};
		77DD500B6C913205795CDB2C /* [CP] Embed Pods Frameworks */ = {
			isa = PBXShellScriptBuildPhase;
			buildActionMask = 2147483647;
			files = (
			);
			inputFileListPaths = (
				"${PODS_ROOT}/Target Support Files/Pods-Cookbook/Pods-Cookbook-frameworks-${CONFIGURATION}-input-files.xcfilelist",
			);
			name = "[CP] Embed Pods Frameworks";
			outputFileListPaths = (
				"${PODS_ROOT}/Target Support Files/Pods-Cookbook/Pods-Cookbook-frameworks-${CONFIGURATION}-output-files.xcfilelist",
			);
			runOnlyForDeploymentPostprocessing = 0;
			shellPath = /bin/sh;
			shellScript = "\"${PODS_ROOT}/Target Support Files/Pods-Cookbook/Pods-Cookbook-frameworks.sh\"\n";
			showEnvVarsInLog = 0;
		};
		B134C515F1A55C94E7BF22D2 /* [CP] Check Pods Manifest.lock */ = {
			isa = PBXShellScriptBuildPhase;
			buildActionMask = 2147483647;
			files = (
			);
			inputFileListPaths = (
			);
			inputPaths = (
				"${PODS_PODFILE_DIR_PATH}/Podfile.lock",
				"${PODS_ROOT}/Manifest.lock",
			);
			name = "[CP] Check Pods Manifest.lock";
			outputFileListPaths = (
			);
			outputPaths = (
				"$(DERIVED_FILE_DIR)/Pods-CookbookUITests-checkManifestLockResult.txt",
			);
			runOnlyForDeploymentPostprocessing = 0;
			shellPath = /bin/sh;
			shellScript = "diff \"${PODS_PODFILE_DIR_PATH}/Podfile.lock\" \"${PODS_ROOT}/Manifest.lock\" > /dev/null\nif [ $? != 0 ] ; then\n    # print error to STDERR\n    echo \"error: The sandbox is not in sync with the Podfile.lock. Run 'pod install' or update your CocoaPods installation.\" >&2\n    exit 1\nfi\n# This output is used by Xcode 'outputs' to avoid re-running this script phase.\necho \"SUCCESS\" > \"${SCRIPT_OUTPUT_FILE_0}\"\n";
			showEnvVarsInLog = 0;
		};
		E9C1D2B995C0E09D5C499792 /* [CP] Check Pods Manifest.lock */ = {
			isa = PBXShellScriptBuildPhase;
			buildActionMask = 2147483647;
			files = (
			);
			inputFileListPaths = (
			);
			inputPaths = (
				"${PODS_PODFILE_DIR_PATH}/Podfile.lock",
				"${PODS_ROOT}/Manifest.lock",
			);
			name = "[CP] Check Pods Manifest.lock";
			outputFileListPaths = (
			);
			outputPaths = (
				"$(DERIVED_FILE_DIR)/Pods-Cookbook-checkManifestLockResult.txt",
			);
			runOnlyForDeploymentPostprocessing = 0;
			shellPath = /bin/sh;
			shellScript = "diff \"${PODS_PODFILE_DIR_PATH}/Podfile.lock\" \"${PODS_ROOT}/Manifest.lock\" > /dev/null\nif [ $? != 0 ] ; then\n    # print error to STDERR\n    echo \"error: The sandbox is not in sync with the Podfile.lock. Run 'pod install' or update your CocoaPods installation.\" >&2\n    exit 1\nfi\n# This output is used by Xcode 'outputs' to avoid re-running this script phase.\necho \"SUCCESS\" > \"${SCRIPT_OUTPUT_FILE_0}\"\n";
			showEnvVarsInLog = 0;
		};
/* End PBXShellScriptBuildPhase section */

/* Begin PBXSourcesBuildPhase section */
		F053A88328FB479800429628 /* Sources */ = {
			isa = PBXSourcesBuildPhase;
			buildActionMask = 2147483647;
			files = (
				F07F269C290BD9240060FBCE /* ServiceLocator.swift in Sources */,
				F04DE34B290ADEAC00DD4C39 /* AppCoordinator.swift in Sources */,
				F053A88B28FB479800429628 /* AppDelegate.swift in Sources */,
			);
			runOnlyForDeploymentPostprocessing = 0;
		};
		F09725BF2912EBFD000019D9 /* Sources */ = {
			isa = PBXSourcesBuildPhase;
			buildActionMask = 2147483647;
			files = (
				F09725C82912EBFD000019D9 /* CookbookUITestsLaunchTests.swift in Sources */,
				F09725C62912EBFD000019D9 /* CookbookUITests.swift in Sources */,
			);
			runOnlyForDeploymentPostprocessing = 0;
		};
		F0BF8BFD290EC17000D271CD /* Sources */ = {
			isa = PBXSourcesBuildPhase;
			buildActionMask = 2147483647;
			files = (
				F06E0ACE2911BA2500449168 /* AppCoordinatorTests.swift in Sources */,
				F0BF8C17290EC1A500D271CD /* ServiceLocatorTests.swift in Sources */,
			);
			runOnlyForDeploymentPostprocessing = 0;
		};
/* End PBXSourcesBuildPhase section */

/* Begin PBXTargetDependency section */
		F09725CA2912EBFD000019D9 /* PBXTargetDependency */ = {
			isa = PBXTargetDependency;
			target = F053A88628FB479800429628 /* Cookbook */;
			targetProxy = F09725C92912EBFD000019D9 /* PBXContainerItemProxy */;
		};
		F0BF8C06290EC17000D271CD /* PBXTargetDependency */ = {
			isa = PBXTargetDependency;
			target = F053A88628FB479800429628 /* Cookbook */;
			targetProxy = F0BF8C05290EC17000D271CD /* PBXContainerItemProxy */;
		};
/* End PBXTargetDependency section */

/* Begin PBXVariantGroup section */
		F053A89528FB479A00429628 /* LaunchScreen.storyboard */ = {
			isa = PBXVariantGroup;
			children = (
				F053A89628FB479A00429628 /* Base */,
				F04DE4AF290AF22900DD4C39 /* ru */,
			);
			name = LaunchScreen.storyboard;
			sourceTree = "<group>";
		};
		F0BDA0D62926A96F008923C3 /* InfoPlist.strings */ = {
			isa = PBXVariantGroup;
			children = (
				F0BDA0D52926A96F008923C3 /* en */,
				F0BDA0D72926A971008923C3 /* ru */,
			);
			name = InfoPlist.strings;
			sourceTree = "<group>";
		};
/* End PBXVariantGroup section */

/* Begin XCBuildConfiguration section */
		F053A89928FB479A00429628 /* Debug */ = {
			isa = XCBuildConfiguration;
			buildSettings = {
				ALWAYS_SEARCH_USER_PATHS = NO;
				CLANG_ANALYZER_LOCALIZABILITY_NONLOCALIZED = YES;
				CLANG_ANALYZER_NONNULL = YES;
				CLANG_ANALYZER_NUMBER_OBJECT_CONVERSION = YES_AGGRESSIVE;
				CLANG_CXX_LANGUAGE_STANDARD = "gnu++17";
				CLANG_ENABLE_MODULES = YES;
				CLANG_ENABLE_OBJC_ARC = YES;
				CLANG_ENABLE_OBJC_WEAK = YES;
				CLANG_WARN_BLOCK_CAPTURE_AUTORELEASING = YES;
				CLANG_WARN_BOOL_CONVERSION = YES;
				CLANG_WARN_COMMA = YES;
				CLANG_WARN_CONSTANT_CONVERSION = YES;
				CLANG_WARN_DEPRECATED_OBJC_IMPLEMENTATIONS = YES;
				CLANG_WARN_DIRECT_OBJC_ISA_USAGE = YES_ERROR;
				CLANG_WARN_DOCUMENTATION_COMMENTS = YES;
				CLANG_WARN_EMPTY_BODY = YES;
				CLANG_WARN_ENUM_CONVERSION = YES;
				CLANG_WARN_INFINITE_RECURSION = YES;
				CLANG_WARN_INT_CONVERSION = YES;
				CLANG_WARN_NON_LITERAL_NULL_CONVERSION = YES;
				CLANG_WARN_OBJC_IMPLICIT_RETAIN_SELF = YES;
				CLANG_WARN_OBJC_LITERAL_CONVERSION = YES;
				CLANG_WARN_OBJC_ROOT_CLASS = YES_ERROR;
				CLANG_WARN_QUOTED_INCLUDE_IN_FRAMEWORK_HEADER = YES;
				CLANG_WARN_RANGE_LOOP_ANALYSIS = YES;
				CLANG_WARN_STRICT_PROTOTYPES = YES;
				CLANG_WARN_SUSPICIOUS_MOVE = YES;
				CLANG_WARN_UNGUARDED_AVAILABILITY = YES_AGGRESSIVE;
				CLANG_WARN_UNREACHABLE_CODE = YES;
				CLANG_WARN__DUPLICATE_METHOD_MATCH = YES;
				COPY_PHASE_STRIP = NO;
				DEBUG_INFORMATION_FORMAT = dwarf;
				ENABLE_STRICT_OBJC_MSGSEND = YES;
				ENABLE_TESTABILITY = YES;
				GCC_C_LANGUAGE_STANDARD = gnu11;
				GCC_DYNAMIC_NO_PIC = NO;
				GCC_NO_COMMON_BLOCKS = YES;
				GCC_OPTIMIZATION_LEVEL = 0;
				GCC_PREPROCESSOR_DEFINITIONS = (
					"DEBUG=1",
					"$(inherited)",
				);
				GCC_WARN_64_TO_32_BIT_CONVERSION = YES;
				GCC_WARN_ABOUT_RETURN_TYPE = YES_ERROR;
				GCC_WARN_UNDECLARED_SELECTOR = YES;
				GCC_WARN_UNINITIALIZED_AUTOS = YES_AGGRESSIVE;
				GCC_WARN_UNUSED_FUNCTION = YES;
				GCC_WARN_UNUSED_VARIABLE = YES;
				IPHONEOS_DEPLOYMENT_TARGET = 12.0;
				MTL_ENABLE_DEBUG_INFO = INCLUDE_SOURCE;
				MTL_FAST_MATH = YES;
				ONLY_ACTIVE_ARCH = YES;
				SDKROOT = iphoneos;
				SWIFT_ACTIVE_COMPILATION_CONDITIONS = DEBUG;
				SWIFT_OPTIMIZATION_LEVEL = "-Onone";
			};
			name = Debug;
		};
		F053A89A28FB479A00429628 /* Release */ = {
			isa = XCBuildConfiguration;
			buildSettings = {
				ALWAYS_SEARCH_USER_PATHS = NO;
				CLANG_ANALYZER_LOCALIZABILITY_NONLOCALIZED = YES;
				CLANG_ANALYZER_NONNULL = YES;
				CLANG_ANALYZER_NUMBER_OBJECT_CONVERSION = YES_AGGRESSIVE;
				CLANG_CXX_LANGUAGE_STANDARD = "gnu++17";
				CLANG_ENABLE_MODULES = YES;
				CLANG_ENABLE_OBJC_ARC = YES;
				CLANG_ENABLE_OBJC_WEAK = YES;
				CLANG_WARN_BLOCK_CAPTURE_AUTORELEASING = YES;
				CLANG_WARN_BOOL_CONVERSION = YES;
				CLANG_WARN_COMMA = YES;
				CLANG_WARN_CONSTANT_CONVERSION = YES;
				CLANG_WARN_DEPRECATED_OBJC_IMPLEMENTATIONS = YES;
				CLANG_WARN_DIRECT_OBJC_ISA_USAGE = YES_ERROR;
				CLANG_WARN_DOCUMENTATION_COMMENTS = YES;
				CLANG_WARN_EMPTY_BODY = YES;
				CLANG_WARN_ENUM_CONVERSION = YES;
				CLANG_WARN_INFINITE_RECURSION = YES;
				CLANG_WARN_INT_CONVERSION = YES;
				CLANG_WARN_NON_LITERAL_NULL_CONVERSION = YES;
				CLANG_WARN_OBJC_IMPLICIT_RETAIN_SELF = YES;
				CLANG_WARN_OBJC_LITERAL_CONVERSION = YES;
				CLANG_WARN_OBJC_ROOT_CLASS = YES_ERROR;
				CLANG_WARN_QUOTED_INCLUDE_IN_FRAMEWORK_HEADER = YES;
				CLANG_WARN_RANGE_LOOP_ANALYSIS = YES;
				CLANG_WARN_STRICT_PROTOTYPES = YES;
				CLANG_WARN_SUSPICIOUS_MOVE = YES;
				CLANG_WARN_UNGUARDED_AVAILABILITY = YES_AGGRESSIVE;
				CLANG_WARN_UNREACHABLE_CODE = YES;
				CLANG_WARN__DUPLICATE_METHOD_MATCH = YES;
				COPY_PHASE_STRIP = NO;
				DEBUG_INFORMATION_FORMAT = "dwarf-with-dsym";
				ENABLE_NS_ASSERTIONS = NO;
				ENABLE_STRICT_OBJC_MSGSEND = YES;
				GCC_C_LANGUAGE_STANDARD = gnu11;
				GCC_NO_COMMON_BLOCKS = YES;
				GCC_WARN_64_TO_32_BIT_CONVERSION = YES;
				GCC_WARN_ABOUT_RETURN_TYPE = YES_ERROR;
				GCC_WARN_UNDECLARED_SELECTOR = YES;
				GCC_WARN_UNINITIALIZED_AUTOS = YES_AGGRESSIVE;
				GCC_WARN_UNUSED_FUNCTION = YES;
				GCC_WARN_UNUSED_VARIABLE = YES;
				IPHONEOS_DEPLOYMENT_TARGET = 12.0;
				MTL_ENABLE_DEBUG_INFO = NO;
				MTL_FAST_MATH = YES;
				SDKROOT = iphoneos;
				SWIFT_COMPILATION_MODE = wholemodule;
				SWIFT_OPTIMIZATION_LEVEL = "-O";
				VALIDATE_PRODUCT = YES;
			};
			name = Release;
		};
		F053A89C28FB479A00429628 /* Debug */ = {
			isa = XCBuildConfiguration;
			baseConfigurationReference = B13A5F77C8251DEFC7758BBF /* Pods-Cookbook.debug.xcconfig */;
			buildSettings = {
				ASSETCATALOG_COMPILER_APPICON_NAME = AppIcon;
				ASSETCATALOG_COMPILER_GLOBAL_ACCENT_COLOR_NAME = AccentColor;
				CODE_SIGN_STYLE = Automatic;
				CURRENT_PROJECT_VERSION = 1;
				DEVELOPMENT_TEAM = H8V3Y2JKY7;
				GENERATE_INFOPLIST_FILE = YES;
				INFOPLIST_FILE = Cookbook/Application/Info.plist;
				INFOPLIST_KEY_UIApplicationSupportsIndirectInputEvents = YES;
				INFOPLIST_KEY_UILaunchStoryboardName = LaunchScreen;
				INFOPLIST_KEY_UISupportedInterfaceOrientations_iPad = "UIInterfaceOrientationPortrait UIInterfaceOrientationPortraitUpsideDown UIInterfaceOrientationLandscapeLeft UIInterfaceOrientationLandscapeRight";
				INFOPLIST_KEY_UISupportedInterfaceOrientations_iPhone = "UIInterfaceOrientationPortrait UIInterfaceOrientationLandscapeLeft UIInterfaceOrientationLandscapeRight";
				IPHONEOS_DEPLOYMENT_TARGET = 12.0;
				LD_RUNPATH_SEARCH_PATHS = (
					"$(inherited)",
					"@executable_path/Frameworks",
				);
				MARKETING_VERSION = 1.0;
				PRODUCT_BUNDLE_IDENTIFIER = com.egbad.Cookbook;
				PRODUCT_NAME = "$(TARGET_NAME)";
				SWIFT_EMIT_LOC_STRINGS = YES;
				SWIFT_VERSION = 5.0;
				TARGETED_DEVICE_FAMILY = 1;
			};
			name = Debug;
		};
		F053A89D28FB479A00429628 /* Release */ = {
			isa = XCBuildConfiguration;
			baseConfigurationReference = 440C95749C9BEFC38E7F11B2 /* Pods-Cookbook.release.xcconfig */;
			buildSettings = {
				ASSETCATALOG_COMPILER_APPICON_NAME = AppIcon;
				ASSETCATALOG_COMPILER_GLOBAL_ACCENT_COLOR_NAME = AccentColor;
				CODE_SIGN_STYLE = Automatic;
				CURRENT_PROJECT_VERSION = 1;
				DEVELOPMENT_TEAM = H8V3Y2JKY7;
				GENERATE_INFOPLIST_FILE = YES;
				INFOPLIST_FILE = Cookbook/Application/Info.plist;
				INFOPLIST_KEY_UIApplicationSupportsIndirectInputEvents = YES;
				INFOPLIST_KEY_UILaunchStoryboardName = LaunchScreen;
				INFOPLIST_KEY_UISupportedInterfaceOrientations_iPad = "UIInterfaceOrientationPortrait UIInterfaceOrientationPortraitUpsideDown UIInterfaceOrientationLandscapeLeft UIInterfaceOrientationLandscapeRight";
				INFOPLIST_KEY_UISupportedInterfaceOrientations_iPhone = "UIInterfaceOrientationPortrait UIInterfaceOrientationLandscapeLeft UIInterfaceOrientationLandscapeRight";
				IPHONEOS_DEPLOYMENT_TARGET = 12.0;
				LD_RUNPATH_SEARCH_PATHS = (
					"$(inherited)",
					"@executable_path/Frameworks",
				);
				MARKETING_VERSION = 1.0;
				PRODUCT_BUNDLE_IDENTIFIER = com.egbad.Cookbook;
				PRODUCT_NAME = "$(TARGET_NAME)";
				SWIFT_EMIT_LOC_STRINGS = YES;
				SWIFT_VERSION = 5.0;
				TARGETED_DEVICE_FAMILY = 1;
			};
			name = Release;
		};
		F09725CB2912EBFD000019D9 /* Debug */ = {
			isa = XCBuildConfiguration;
			baseConfigurationReference = 0F3553C6D0D901C2E89374C6 /* Pods-CookbookUITests.debug.xcconfig */;
			buildSettings = {
				CODE_SIGN_STYLE = Automatic;
				CURRENT_PROJECT_VERSION = 1;
				DEVELOPMENT_TEAM = H8V3Y2JKY7;
				GENERATE_INFOPLIST_FILE = YES;
				IPHONEOS_DEPLOYMENT_TARGET = 15.5;
				MARKETING_VERSION = 1.0;
				PRODUCT_BUNDLE_IDENTIFIER = com.egbad.CookbookUITests;
				PRODUCT_NAME = "$(TARGET_NAME)";
				SWIFT_EMIT_LOC_STRINGS = NO;
				SWIFT_VERSION = 5.0;
				TARGETED_DEVICE_FAMILY = "1,2";
				TEST_TARGET_NAME = Cookbook;
			};
			name = Debug;
		};
		F09725CC2912EBFD000019D9 /* Release */ = {
			isa = XCBuildConfiguration;
			baseConfigurationReference = 2FB3CF2DB8878879FA4100E8 /* Pods-CookbookUITests.release.xcconfig */;
			buildSettings = {
				CODE_SIGN_STYLE = Automatic;
				CURRENT_PROJECT_VERSION = 1;
				DEVELOPMENT_TEAM = H8V3Y2JKY7;
				GENERATE_INFOPLIST_FILE = YES;
				IPHONEOS_DEPLOYMENT_TARGET = 15.5;
				MARKETING_VERSION = 1.0;
				PRODUCT_BUNDLE_IDENTIFIER = com.egbad.CookbookUITests;
				PRODUCT_NAME = "$(TARGET_NAME)";
				SWIFT_EMIT_LOC_STRINGS = NO;
				SWIFT_VERSION = 5.0;
				TARGETED_DEVICE_FAMILY = "1,2";
				TEST_TARGET_NAME = Cookbook;
			};
			name = Release;
		};
		F0BF8C07290EC17000D271CD /* Debug */ = {
			isa = XCBuildConfiguration;
			baseConfigurationReference = 9F1D6F48C983B0E5AD02402C /* Pods-CookbookTests.debug.xcconfig */;
			buildSettings = {
				BUNDLE_LOADER = "$(TEST_HOST)";
				CODE_SIGN_STYLE = Automatic;
				CURRENT_PROJECT_VERSION = 1;
				DEVELOPMENT_TEAM = H8V3Y2JKY7;
				GENERATE_INFOPLIST_FILE = YES;
				IPHONEOS_DEPLOYMENT_TARGET = 12.0;
				MARKETING_VERSION = 1.0;
				PRODUCT_BUNDLE_IDENTIFIER = com.egbad.CookbookTests;
				PRODUCT_NAME = "$(TARGET_NAME)";
				SWIFT_EMIT_LOC_STRINGS = NO;
				SWIFT_VERSION = 5.0;
				TARGETED_DEVICE_FAMILY = "1,2";
				TEST_HOST = "$(BUILT_PRODUCTS_DIR)/Cookbook.app/Cookbook";
			};
			name = Debug;
		};
		F0BF8C08290EC17000D271CD /* Release */ = {
			isa = XCBuildConfiguration;
			baseConfigurationReference = 5BC5489AEE68C9A471E9AC6A /* Pods-CookbookTests.release.xcconfig */;
			buildSettings = {
				BUNDLE_LOADER = "$(TEST_HOST)";
				CODE_SIGN_STYLE = Automatic;
				CURRENT_PROJECT_VERSION = 1;
				DEVELOPMENT_TEAM = H8V3Y2JKY7;
				GENERATE_INFOPLIST_FILE = YES;
				IPHONEOS_DEPLOYMENT_TARGET = 12.0;
				MARKETING_VERSION = 1.0;
				PRODUCT_BUNDLE_IDENTIFIER = com.egbad.CookbookTests;
				PRODUCT_NAME = "$(TARGET_NAME)";
				SWIFT_EMIT_LOC_STRINGS = NO;
				SWIFT_VERSION = 5.0;
				TARGETED_DEVICE_FAMILY = "1,2";
				TEST_HOST = "$(BUILT_PRODUCTS_DIR)/Cookbook.app/Cookbook";
			};
			name = Release;
		};
/* End XCBuildConfiguration section */

/* Begin XCConfigurationList section */
		F053A88228FB479700429628 /* Build configuration list for PBXProject "Cookbook" */ = {
			isa = XCConfigurationList;
			buildConfigurations = (
				F053A89928FB479A00429628 /* Debug */,
				F053A89A28FB479A00429628 /* Release */,
			);
			defaultConfigurationIsVisible = 0;
			defaultConfigurationName = Release;
		};
		F053A89B28FB479A00429628 /* Build configuration list for PBXNativeTarget "Cookbook" */ = {
			isa = XCConfigurationList;
			buildConfigurations = (
				F053A89C28FB479A00429628 /* Debug */,
				F053A89D28FB479A00429628 /* Release */,
			);
			defaultConfigurationIsVisible = 0;
			defaultConfigurationName = Release;
		};
		F09725CD2912EBFD000019D9 /* Build configuration list for PBXNativeTarget "CookbookUITests" */ = {
			isa = XCConfigurationList;
			buildConfigurations = (
				F09725CB2912EBFD000019D9 /* Debug */,
				F09725CC2912EBFD000019D9 /* Release */,
			);
			defaultConfigurationIsVisible = 0;
			defaultConfigurationName = Release;
		};
		F0BF8C14290EC17000D271CD /* Build configuration list for PBXNativeTarget "CookbookTests" */ = {
			isa = XCConfigurationList;
			buildConfigurations = (
				F0BF8C07290EC17000D271CD /* Debug */,
				F0BF8C08290EC17000D271CD /* Release */,
			);
			defaultConfigurationIsVisible = 0;
			defaultConfigurationName = Release;
		};
/* End XCConfigurationList section */
	};
	rootObject = F053A87F28FB479700429628 /* Project object */;
}
